
Microsoft Visual Studio Solution File, Format Version 12.00
# Visual Studio Version 17
VisualStudioVersion = 17.10.35004.147
MinimumVisualStudioVersion = 10.0.40219.1
Project("{2150E333-8FDC-42A3-9474-1A3956D46DE8}") = "src", "src", "{6C9F4322-BDC7-42DA-ACBD-1AC641B907B4}"
EndProject
Project("{9A19103F-16F7-4668-BE54-9A1E7A4F7556}") = "Xm.Abp.BootstrapBlazorUI", "src\Xm.Abp.BootstrapBlazorUI\Xm.Abp.BootstrapBlazorUI.csproj", "{9EA4AA35-DEFC-4C25-8333-78137853EC5D}"
EndProject
Project("{2150E333-8FDC-42A3-9474-1A3956D46DE8}") = "modules", "modules", "{0C432416-770F-4331-84E6-5835408A9BD8}"
EndProject
Project("{2150E333-8FDC-42A3-9474-1A3956D46DE8}") = "samples", "samples", "{E36D7268-C7A6-4A7F-81DB-57070F4B049C}"
EndProject
Project("{2150E333-8FDC-42A3-9474-1A3956D46DE8}") = "BookStore", "BookStore", "{1F85F600-70F9-4286-B8BD-6A124D9DC43D}"
EndProject
Project("{9A19103F-16F7-4668-BE54-9A1E7A4F7556}") = "BookStore.Application", "samples\BookStore\src\BookStore.Application\BookStore.Application.csproj", "{39E479A5-92DB-4F5B-918A-1920886D4D60}"
EndProject
Project("{9A19103F-16F7-4668-BE54-9A1E7A4F7556}") = "BookStore.Application.Contracts", "samples\BookStore\src\BookStore.Application.Contracts\BookStore.Application.Contracts.csproj", "{BBBBFA7B-B24D-4ED4-9DAE-71A60EDAA640}"
EndProject
Project("{9A19103F-16F7-4668-BE54-9A1E7A4F7556}") = "BookStore.DbMigrator", "samples\BookStore\src\BookStore.DbMigrator\BookStore.DbMigrator.csproj", "{ED293EED-7565-45DB-806B-80AB348E76EB}"
EndProject
Project("{9A19103F-16F7-4668-BE54-9A1E7A4F7556}") = "BookStore.Domain", "samples\BookStore\src\BookStore.Domain\BookStore.Domain.csproj", "{6280984E-3E41-4DD9-AFF4-502F99EC1ADB}"
EndProject
Project("{9A19103F-16F7-4668-BE54-9A1E7A4F7556}") = "BookStore.Domain.Shared", "samples\BookStore\src\BookStore.Domain.Shared\BookStore.Domain.Shared.csproj", "{68F43D62-A034-4BFE-8FAF-AE8FD337F7EA}"
EndProject
Project("{9A19103F-16F7-4668-BE54-9A1E7A4F7556}") = "BookStore.EntityFrameworkCore", "samples\BookStore\src\BookStore.EntityFrameworkCore\BookStore.EntityFrameworkCore.csproj", "{10ABF4AB-D8A0-46C0-8017-61455CEF2570}"
EndProject
Project("{9A19103F-16F7-4668-BE54-9A1E7A4F7556}") = "BookStore.HttpApi", "samples\BookStore\src\BookStore.HttpApi\BookStore.HttpApi.csproj", "{5290EAE2-F272-479D-BB76-0C059EEBA077}"
EndProject
Project("{9A19103F-16F7-4668-BE54-9A1E7A4F7556}") = "BookStore.HttpApi.Client", "samples\BookStore\src\BookStore.HttpApi.Client\BookStore.HttpApi.Client.csproj", "{DD6FEF71-BAD5-498C-BEB9-5B7AB77B3E4A}"
EndProject
Project("{9A19103F-16F7-4668-BE54-9A1E7A4F7556}") = "BookStore.HttpApi.Host", "samples\BookStore\src\BookStore.HttpApi.Host\BookStore.HttpApi.Host.csproj", "{8223814F-FD5F-4D77-8C37-6B578333ADE6}"
EndProject
Project("{2150E333-8FDC-42A3-9474-1A3956D46DE8}") = "PermissionManagement", "PermissionManagement", "{30DCF9C7-BEA3-46D8-83C4-748FF24FFB96}"
EndProject
Project("{9A19103F-16F7-4668-BE54-9A1E7A4F7556}") = "Xm.Abp.PermissionManagement.Blazor.BootstrapBlazorUI", "modules\PermissionManagement\Xm.Abp.PermissionManagement.Blazor.BootstrapBlazorUI\Xm.Abp.PermissionManagement.Blazor.BootstrapBlazorUI.csproj", "{FD90132E-3B0E-4677-A7CE-8783FCC5E427}"
EndProject
Project("{2150E333-8FDC-42A3-9474-1A3956D46DE8}") = "IdentityManagement", "IdentityManagement", "{8EC75594-FF27-4590-A726-B0C240EC0DC6}"
EndProject
Project("{9A19103F-16F7-4668-BE54-9A1E7A4F7556}") = "Xm.Abp.PermissionManagement.Blazor.Server.BootstrapBlazorUI", "modules\PermissionManagement\Xm.Abp.PermissionManagement.Blazor.Server.BootstrapBlazorUI\Xm.Abp.PermissionManagement.Blazor.Server.BootstrapBlazorUI.csproj", "{EF106F75-3B60-4C72-902D-DDE46EEF7D84}"
EndProject
Project("{9A19103F-16F7-4668-BE54-9A1E7A4F7556}") = "Xm.Abp.IdentityManagement.Blazor.BootstrapBlazorUI", "modules\IdentityManagement\Xm.Abp.IdentityManagement.Blazor.BootstrapBlazorUI\Xm.Abp.IdentityManagement.Blazor.BootstrapBlazorUI.csproj", "{62606EC9-E888-47C0-BBAC-E7E40652DFD3}"
EndProject
Project("{9A19103F-16F7-4668-BE54-9A1E7A4F7556}") = "Xm.Abp.IdentityManagement.Blazor.Server.BootstrapBlazorUI", "modules\IdentityManagement\Xm.Abp.IdentityManagement.Blazor.Server.BootstrapBlazorUI\Xm.Abp.IdentityManagement.Blazor.Server.BootstrapBlazorUI.csproj", "{782E3414-6807-49A6-A7C4-9239BBACE0AE}"
EndProject
Project("{2150E333-8FDC-42A3-9474-1A3956D46DE8}") = "TenantManagement", "TenantManagement", "{9FB30E31-D5F4-4E67-877E-78FAD7C3846D}"
EndProject
Project("{9A19103F-16F7-4668-BE54-9A1E7A4F7556}") = "Xm.Abp.TenantManagement.Blazor.BootstrapBlazorUI", "modules\TenantManagement\Xm.Abp.TenantManagement.Blazor.BootstrapBlazorUI\Xm.Abp.TenantManagement.Blazor.BootstrapBlazorUI.csproj", "{995DD783-AAA5-450A-AF5C-6DFA513343F8}"
EndProject
Project("{2150E333-8FDC-42A3-9474-1A3956D46DE8}") = "FeatureManagement", "FeatureManagement", "{5774E9F0-F6AE-4EDA-8240-315F82F3D1E1}"
EndProject
Project("{9A19103F-16F7-4668-BE54-9A1E7A4F7556}") = "Xm.Abp.FeatureManagement.Blazor.BootstrapBlazorUI", "modules\FeatureManagement\Xm.Abp.FeatureManagement.Blazor.BootstrapBlazorUI\Xm.Abp.FeatureManagement.Blazor.BootstrapBlazorUI.csproj", "{496912B1-C4E3-477E-8AF8-D95DFC604B7C}"
EndProject
Project("{9A19103F-16F7-4668-BE54-9A1E7A4F7556}") = "Xm.Abp.FeatureManagement.Blazor.Server.BootstrapBlazorUI", "modules\FeatureManagement\Xm.Abp.FeatureManagement.Blazor.Server.BootstrapBlazorUI\Xm.Abp.FeatureManagement.Blazor.Server.BootstrapBlazorUI.csproj", "{C404A7B8-8271-417D-B02C-20EDC7FB48B7}"
EndProject
Project("{9A19103F-16F7-4668-BE54-9A1E7A4F7556}") = "Xm.Abp.TenantManagement.Blazor.Server.BootstrapBlazorUI", "modules\TenantManagement\Xm.Abp.TenantManagement.Blazor.Server.BootstrapBlazorUI\Xm.Abp.TenantManagement.Blazor.Server.BootstrapBlazorUI.csproj", "{55BB2D05-7DCF-4BA4-B9E4-823A98C2B626}"
EndProject
Project("{2150E333-8FDC-42A3-9474-1A3956D46DE8}") = "SettingManagement", "SettingManagement", "{CCAB1F41-EAB4-4564-B956-C32ED0B03EC2}"
EndProject
Project("{9A19103F-16F7-4668-BE54-9A1E7A4F7556}") = "Xm.Abp.SettingManagement.Blazor.BootstrapBlazorUI", "modules\SettingManagement\Xm.Abp.SettingManagement.Blazor.BootstrapBlazorUI\Xm.Abp.SettingManagement.Blazor.BootstrapBlazorUI.csproj", "{2E033BD6-16C2-4F3A-ADD5-C08D6FB8482B}"
EndProject
Project("{9A19103F-16F7-4668-BE54-9A1E7A4F7556}") = "Xm.Abp.SettingManagement.Blazor.Server.BootstrapBlazorUI", "modules\SettingManagement\Xm.Abp.SettingManagement.Blazor.Server.BootstrapBlazorUI\Xm.Abp.SettingManagement.Blazor.Server.BootstrapBlazorUI.csproj", "{F3ADEF50-755E-4FCB-9746-C946CB0306B3}"
EndProject
Project("{2150E333-8FDC-42A3-9474-1A3956D46DE8}") = "BootstrapBlazorTheme", "BootstrapBlazorTheme", "{9F013513-EC16-46DF-BDEF-C9B5F0DA6C12}"
EndProject
Project("{9A19103F-16F7-4668-BE54-9A1E7A4F7556}") = "Xm.Abp.AspnetCore.Components.Server.BootstrapBlazorTheme", "modules\BootstrapBlazorTheme\Xm.Abp.AspnetCore.Components.Server.BootstrapBlazorTheme\Xm.Abp.AspnetCore.Components.Server.BootstrapBlazorTheme.csproj", "{04E406C8-8E9E-47A9-B6EE-7FD32E342A8A}"
EndProject
Project("{9A19103F-16F7-4668-BE54-9A1E7A4F7556}") = "Xm.Abp.AspnetCore.Components.Web.BootstrapBlazorTheme", "modules\BootstrapBlazorTheme\Xm.Abp.AspnetCore.Components.Web.BootstrapBlazorTheme\Xm.Abp.AspnetCore.Components.Web.BootstrapBlazorTheme.csproj", "{61156C3E-96B0-4868-8280-480521326F81}"
EndProject
Project("{9A19103F-16F7-4668-BE54-9A1E7A4F7556}") = "BookStore.BlazorServer", "samples\BookStore\src\BookStore.BlazorServer\BookStore.BlazorServer.csproj", "{9678E9C6-BA54-4B11-866C-93324FA08B46}"
EndProject
Project("{2150E333-8FDC-42A3-9474-1A3956D46DE8}") = "Account", "Account", "{00D9210E-D4E1-4FA6-BD7A-A2CA2D411440}"
EndProject
Project("{9A19103F-16F7-4668-BE54-9A1E7A4F7556}") = "Xm.Abp.Account.Web", "modules\Account\Xm.Abp.Account.Web\Xm.Abp.Account.Web.csproj", "{12D46970-6B72-46AF-BB18-177CDB9EC4B7}"
EndProject
Project("{9A19103F-16F7-4668-BE54-9A1E7A4F7556}") = "Xm.Abp.Account.Web.IdentityServer", "modules\Account\Xm.Abp.Account.Web.IdentityServer\Xm.Abp.Account.Web.IdentityServer.csproj", "{89F0A76B-F6FB-443D-A169-CC07486E86AC}"
EndProject
Project("{9A19103F-16F7-4668-BE54-9A1E7A4F7556}") = "Xm.Abp.Account.Web.OpenIddict", "modules\Account\Xm.Abp.Account.Web.OpenIddict\Xm.Abp.Account.Web.OpenIddict.csproj", "{B8AD9969-88C7-4D4B-9A3A-B2B7185CA31B}"
EndProject
Global
	GlobalSection(SolutionConfigurationPlatforms) = preSolution
		Debug|Any CPU = Debug|Any CPU
		Release|Any CPU = Release|Any CPU
	EndGlobalSection
	GlobalSection(ProjectConfigurationPlatforms) = postSolution
		{9EA4AA35-DEFC-4C25-8333-78137853EC5D}.Debug|Any CPU.ActiveCfg = Debug|Any CPU
		{9EA4AA35-DEFC-4C25-8333-78137853EC5D}.Debug|Any CPU.Build.0 = Debug|Any CPU
		{9EA4AA35-DEFC-4C25-8333-78137853EC5D}.Release|Any CPU.ActiveCfg = Release|Any CPU
		{9EA4AA35-DEFC-4C25-8333-78137853EC5D}.Release|Any CPU.Build.0 = Release|Any CPU
		{39E479A5-92DB-4F5B-918A-1920886D4D60}.Debug|Any CPU.ActiveCfg = Debug|Any CPU
		{39E479A5-92DB-4F5B-918A-1920886D4D60}.Debug|Any CPU.Build.0 = Debug|Any CPU
		{39E479A5-92DB-4F5B-918A-1920886D4D60}.Release|Any CPU.ActiveCfg = Release|Any CPU
		{39E479A5-92DB-4F5B-918A-1920886D4D60}.Release|Any CPU.Build.0 = Release|Any CPU
		{BBBBFA7B-B24D-4ED4-9DAE-71A60EDAA640}.Debug|Any CPU.ActiveCfg = Debug|Any CPU
		{BBBBFA7B-B24D-4ED4-9DAE-71A60EDAA640}.Debug|Any CPU.Build.0 = Debug|Any CPU
		{BBBBFA7B-B24D-4ED4-9DAE-71A60EDAA640}.Release|Any CPU.ActiveCfg = Release|Any CPU
		{BBBBFA7B-B24D-4ED4-9DAE-71A60EDAA640}.Release|Any CPU.Build.0 = Release|Any CPU
		{ED293EED-7565-45DB-806B-80AB348E76EB}.Debug|Any CPU.ActiveCfg = Debug|Any CPU
		{ED293EED-7565-45DB-806B-80AB348E76EB}.Debug|Any CPU.Build.0 = Debug|Any CPU
		{ED293EED-7565-45DB-806B-80AB348E76EB}.Release|Any CPU.ActiveCfg = Release|Any CPU
		{ED293EED-7565-45DB-806B-80AB348E76EB}.Release|Any CPU.Build.0 = Release|Any CPU
		{6280984E-3E41-4DD9-AFF4-502F99EC1ADB}.Debug|Any CPU.ActiveCfg = Debug|Any CPU
		{6280984E-3E41-4DD9-AFF4-502F99EC1ADB}.Debug|Any CPU.Build.0 = Debug|Any CPU
		{6280984E-3E41-4DD9-AFF4-502F99EC1ADB}.Release|Any CPU.ActiveCfg = Release|Any CPU
		{6280984E-3E41-4DD9-AFF4-502F99EC1ADB}.Release|Any CPU.Build.0 = Release|Any CPU
		{68F43D62-A034-4BFE-8FAF-AE8FD337F7EA}.Debug|Any CPU.ActiveCfg = Debug|Any CPU
		{68F43D62-A034-4BFE-8FAF-AE8FD337F7EA}.Debug|Any CPU.Build.0 = Debug|Any CPU
		{68F43D62-A034-4BFE-8FAF-AE8FD337F7EA}.Release|Any CPU.ActiveCfg = Release|Any CPU
		{68F43D62-A034-4BFE-8FAF-AE8FD337F7EA}.Release|Any CPU.Build.0 = Release|Any CPU
		{10ABF4AB-D8A0-46C0-8017-61455CEF2570}.Debug|Any CPU.ActiveCfg = Debug|Any CPU
		{10ABF4AB-D8A0-46C0-8017-61455CEF2570}.Debug|Any CPU.Build.0 = Debug|Any CPU
		{10ABF4AB-D8A0-46C0-8017-61455CEF2570}.Release|Any CPU.ActiveCfg = Release|Any CPU
		{10ABF4AB-D8A0-46C0-8017-61455CEF2570}.Release|Any CPU.Build.0 = Release|Any CPU
		{5290EAE2-F272-479D-BB76-0C059EEBA077}.Debug|Any CPU.ActiveCfg = Debug|Any CPU
		{5290EAE2-F272-479D-BB76-0C059EEBA077}.Debug|Any CPU.Build.0 = Debug|Any CPU
		{5290EAE2-F272-479D-BB76-0C059EEBA077}.Release|Any CPU.ActiveCfg = Release|Any CPU
		{5290EAE2-F272-479D-BB76-0C059EEBA077}.Release|Any CPU.Build.0 = Release|Any CPU
		{DD6FEF71-BAD5-498C-BEB9-5B7AB77B3E4A}.Debug|Any CPU.ActiveCfg = Debug|Any CPU
		{DD6FEF71-BAD5-498C-BEB9-5B7AB77B3E4A}.Debug|Any CPU.Build.0 = Debug|Any CPU
		{DD6FEF71-BAD5-498C-BEB9-5B7AB77B3E4A}.Release|Any CPU.ActiveCfg = Release|Any CPU
		{DD6FEF71-BAD5-498C-BEB9-5B7AB77B3E4A}.Release|Any CPU.Build.0 = Release|Any CPU
		{8223814F-FD5F-4D77-8C37-6B578333ADE6}.Debug|Any CPU.ActiveCfg = Debug|Any CPU
		{8223814F-FD5F-4D77-8C37-6B578333ADE6}.Debug|Any CPU.Build.0 = Debug|Any CPU
		{8223814F-FD5F-4D77-8C37-6B578333ADE6}.Release|Any CPU.ActiveCfg = Release|Any CPU
		{8223814F-FD5F-4D77-8C37-6B578333ADE6}.Release|Any CPU.Build.0 = Release|Any CPU
		{FD90132E-3B0E-4677-A7CE-8783FCC5E427}.Debug|Any CPU.ActiveCfg = Debug|Any CPU
		{FD90132E-3B0E-4677-A7CE-8783FCC5E427}.Debug|Any CPU.Build.0 = Debug|Any CPU
		{FD90132E-3B0E-4677-A7CE-8783FCC5E427}.Release|Any CPU.ActiveCfg = Release|Any CPU
		{FD90132E-3B0E-4677-A7CE-8783FCC5E427}.Release|Any CPU.Build.0 = Release|Any CPU
		{EF106F75-3B60-4C72-902D-DDE46EEF7D84}.Debug|Any CPU.ActiveCfg = Debug|Any CPU
		{EF106F75-3B60-4C72-902D-DDE46EEF7D84}.Debug|Any CPU.Build.0 = Debug|Any CPU
		{EF106F75-3B60-4C72-902D-DDE46EEF7D84}.Release|Any CPU.ActiveCfg = Release|Any CPU
		{EF106F75-3B60-4C72-902D-DDE46EEF7D84}.Release|Any CPU.Build.0 = Release|Any CPU
		{62606EC9-E888-47C0-BBAC-E7E40652DFD3}.Debug|Any CPU.ActiveCfg = Debug|Any CPU
		{62606EC9-E888-47C0-BBAC-E7E40652DFD3}.Debug|Any CPU.Build.0 = Debug|Any CPU
		{62606EC9-E888-47C0-BBAC-E7E40652DFD3}.Release|Any CPU.ActiveCfg = Release|Any CPU
		{62606EC9-E888-47C0-BBAC-E7E40652DFD3}.Release|Any CPU.Build.0 = Release|Any CPU
		{782E3414-6807-49A6-A7C4-9239BBACE0AE}.Debug|Any CPU.ActiveCfg = Debug|Any CPU
		{782E3414-6807-49A6-A7C4-9239BBACE0AE}.Debug|Any CPU.Build.0 = Debug|Any CPU
		{782E3414-6807-49A6-A7C4-9239BBACE0AE}.Release|Any CPU.ActiveCfg = Release|Any CPU
		{782E3414-6807-49A6-A7C4-9239BBACE0AE}.Release|Any CPU.Build.0 = Release|Any CPU
		{995DD783-AAA5-450A-AF5C-6DFA513343F8}.Debug|Any CPU.ActiveCfg = Debug|Any CPU
		{995DD783-AAA5-450A-AF5C-6DFA513343F8}.Debug|Any CPU.Build.0 = Debug|Any CPU
		{995DD783-AAA5-450A-AF5C-6DFA513343F8}.Release|Any CPU.ActiveCfg = Release|Any CPU
		{995DD783-AAA5-450A-AF5C-6DFA513343F8}.Release|Any CPU.Build.0 = Release|Any CPU
		{496912B1-C4E3-477E-8AF8-D95DFC604B7C}.Debug|Any CPU.ActiveCfg = Debug|Any CPU
		{496912B1-C4E3-477E-8AF8-D95DFC604B7C}.Debug|Any CPU.Build.0 = Debug|Any CPU
		{496912B1-C4E3-477E-8AF8-D95DFC604B7C}.Release|Any CPU.ActiveCfg = Release|Any CPU
		{496912B1-C4E3-477E-8AF8-D95DFC604B7C}.Release|Any CPU.Build.0 = Release|Any CPU
		{C404A7B8-8271-417D-B02C-20EDC7FB48B7}.Debug|Any CPU.ActiveCfg = Debug|Any CPU
		{C404A7B8-8271-417D-B02C-20EDC7FB48B7}.Debug|Any CPU.Build.0 = Debug|Any CPU
		{C404A7B8-8271-417D-B02C-20EDC7FB48B7}.Release|Any CPU.ActiveCfg = Release|Any CPU
		{C404A7B8-8271-417D-B02C-20EDC7FB48B7}.Release|Any CPU.Build.0 = Release|Any CPU
		{55BB2D05-7DCF-4BA4-B9E4-823A98C2B626}.Debug|Any CPU.ActiveCfg = Debug|Any CPU
		{55BB2D05-7DCF-4BA4-B9E4-823A98C2B626}.Debug|Any CPU.Build.0 = Debug|Any CPU
		{55BB2D05-7DCF-4BA4-B9E4-823A98C2B626}.Release|Any CPU.ActiveCfg = Release|Any CPU
		{55BB2D05-7DCF-4BA4-B9E4-823A98C2B626}.Release|Any CPU.Build.0 = Release|Any CPU
		{2E033BD6-16C2-4F3A-ADD5-C08D6FB8482B}.Debug|Any CPU.ActiveCfg = Debug|Any CPU
		{2E033BD6-16C2-4F3A-ADD5-C08D6FB8482B}.Debug|Any CPU.Build.0 = Debug|Any CPU
		{2E033BD6-16C2-4F3A-ADD5-C08D6FB8482B}.Release|Any CPU.ActiveCfg = Release|Any CPU
		{2E033BD6-16C2-4F3A-ADD5-C08D6FB8482B}.Release|Any CPU.Build.0 = Release|Any CPU
		{F3ADEF50-755E-4FCB-9746-C946CB0306B3}.Debug|Any CPU.ActiveCfg = Debug|Any CPU
		{F3ADEF50-755E-4FCB-9746-C946CB0306B3}.Debug|Any CPU.Build.0 = Debug|Any CPU
		{F3ADEF50-755E-4FCB-9746-C946CB0306B3}.Release|Any CPU.ActiveCfg = Release|Any CPU
		{F3ADEF50-755E-4FCB-9746-C946CB0306B3}.Release|Any CPU.Build.0 = Release|Any CPU
		{04E406C8-8E9E-47A9-B6EE-7FD32E342A8A}.Debug|Any CPU.ActiveCfg = Debug|Any CPU
		{04E406C8-8E9E-47A9-B6EE-7FD32E342A8A}.Debug|Any CPU.Build.0 = Debug|Any CPU
		{04E406C8-8E9E-47A9-B6EE-7FD32E342A8A}.Release|Any CPU.ActiveCfg = Release|Any CPU
		{04E406C8-8E9E-47A9-B6EE-7FD32E342A8A}.Release|Any CPU.Build.0 = Release|Any CPU
		{61156C3E-96B0-4868-8280-480521326F81}.Debug|Any CPU.ActiveCfg = Debug|Any CPU
		{61156C3E-96B0-4868-8280-480521326F81}.Debug|Any CPU.Build.0 = Debug|Any CPU
		{61156C3E-96B0-4868-8280-480521326F81}.Release|Any CPU.ActiveCfg = Release|Any CPU
		{61156C3E-96B0-4868-8280-480521326F81}.Release|Any CPU.Build.0 = Release|Any CPU
		{9678E9C6-BA54-4B11-866C-93324FA08B46}.Debug|Any CPU.ActiveCfg = Debug|Any CPU
		{9678E9C6-BA54-4B11-866C-93324FA08B46}.Debug|Any CPU.Build.0 = Debug|Any CPU
		{9678E9C6-BA54-4B11-866C-93324FA08B46}.Release|Any CPU.ActiveCfg = Release|Any CPU
		{9678E9C6-BA54-4B11-866C-93324FA08B46}.Release|Any CPU.Build.0 = Release|Any CPU
		{12D46970-6B72-46AF-BB18-177CDB9EC4B7}.Debug|Any CPU.ActiveCfg = Debug|Any CPU
		{12D46970-6B72-46AF-BB18-177CDB9EC4B7}.Debug|Any CPU.Build.0 = Debug|Any CPU
		{12D46970-6B72-46AF-BB18-177CDB9EC4B7}.Release|Any CPU.ActiveCfg = Release|Any CPU
		{12D46970-6B72-46AF-BB18-177CDB9EC4B7}.Release|Any CPU.Build.0 = Release|Any CPU
		{89F0A76B-F6FB-443D-A169-CC07486E86AC}.Debug|Any CPU.ActiveCfg = Debug|Any CPU
		{89F0A76B-F6FB-443D-A169-CC07486E86AC}.Debug|Any CPU.Build.0 = Debug|Any CPU
		{89F0A76B-F6FB-443D-A169-CC07486E86AC}.Release|Any CPU.ActiveCfg = Release|Any CPU
		{89F0A76B-F6FB-443D-A169-CC07486E86AC}.Release|Any CPU.Build.0 = Release|Any CPU
		{B8AD9969-88C7-4D4B-9A3A-B2B7185CA31B}.Debug|Any CPU.ActiveCfg = Debug|Any CPU
		{B8AD9969-88C7-4D4B-9A3A-B2B7185CA31B}.Debug|Any CPU.Build.0 = Debug|Any CPU
		{B8AD9969-88C7-4D4B-9A3A-B2B7185CA31B}.Release|Any CPU.ActiveCfg = Release|Any CPU
		{B8AD9969-88C7-4D4B-9A3A-B2B7185CA31B}.Release|Any CPU.Build.0 = Release|Any CPU
	EndGlobalSection
	GlobalSection(SolutionProperties) = preSolution
		HideSolutionNode = FALSE
	EndGlobalSection
	GlobalSection(NestedProjects) = preSolution
		{9EA4AA35-DEFC-4C25-8333-78137853EC5D} = {6C9F4322-BDC7-42DA-ACBD-1AC641B907B4}
		{1F85F600-70F9-4286-B8BD-6A124D9DC43D} = {E36D7268-C7A6-4A7F-81DB-57070F4B049C}
		{39E479A5-92DB-4F5B-918A-1920886D4D60} = {1F85F600-70F9-4286-B8BD-6A124D9DC43D}
		{BBBBFA7B-B24D-4ED4-9DAE-71A60EDAA640} = {1F85F600-70F9-4286-B8BD-6A124D9DC43D}
		{ED293EED-7565-45DB-806B-80AB348E76EB} = {1F85F600-70F9-4286-B8BD-6A124D9DC43D}
		{6280984E-3E41-4DD9-AFF4-502F99EC1ADB} = {1F85F600-70F9-4286-B8BD-6A124D9DC43D}
		{68F43D62-A034-4BFE-8FAF-AE8FD337F7EA} = {1F85F600-70F9-4286-B8BD-6A124D9DC43D}
		{10ABF4AB-D8A0-46C0-8017-61455CEF2570} = {1F85F600-70F9-4286-B8BD-6A124D9DC43D}
		{5290EAE2-F272-479D-BB76-0C059EEBA077} = {1F85F600-70F9-4286-B8BD-6A124D9DC43D}
		{DD6FEF71-BAD5-498C-BEB9-5B7AB77B3E4A} = {1F85F600-70F9-4286-B8BD-6A124D9DC43D}
		{8223814F-FD5F-4D77-8C37-6B578333ADE6} = {1F85F600-70F9-4286-B8BD-6A124D9DC43D}
		{30DCF9C7-BEA3-46D8-83C4-748FF24FFB96} = {0C432416-770F-4331-84E6-5835408A9BD8}
		{FD90132E-3B0E-4677-A7CE-8783FCC5E427} = {30DCF9C7-BEA3-46D8-83C4-748FF24FFB96}
		{8EC75594-FF27-4590-A726-B0C240EC0DC6} = {0C432416-770F-4331-84E6-5835408A9BD8}
		{EF106F75-3B60-4C72-902D-DDE46EEF7D84} = {30DCF9C7-BEA3-46D8-83C4-748FF24FFB96}
		{62606EC9-E888-47C0-BBAC-E7E40652DFD3} = {8EC75594-FF27-4590-A726-B0C240EC0DC6}
		{782E3414-6807-49A6-A7C4-9239BBACE0AE} = {8EC75594-FF27-4590-A726-B0C240EC0DC6}
		{9FB30E31-D5F4-4E67-877E-78FAD7C3846D} = {0C432416-770F-4331-84E6-5835408A9BD8}
		{995DD783-AAA5-450A-AF5C-6DFA513343F8} = {9FB30E31-D5F4-4E67-877E-78FAD7C3846D}
		{5774E9F0-F6AE-4EDA-8240-315F82F3D1E1} = {0C432416-770F-4331-84E6-5835408A9BD8}
		{496912B1-C4E3-477E-8AF8-D95DFC604B7C} = {5774E9F0-F6AE-4EDA-8240-315F82F3D1E1}
		{C404A7B8-8271-417D-B02C-20EDC7FB48B7} = {5774E9F0-F6AE-4EDA-8240-315F82F3D1E1}
		{55BB2D05-7DCF-4BA4-B9E4-823A98C2B626} = {9FB30E31-D5F4-4E67-877E-78FAD7C3846D}
		{CCAB1F41-EAB4-4564-B956-C32ED0B03EC2} = {0C432416-770F-4331-84E6-5835408A9BD8}
		{2E033BD6-16C2-4F3A-ADD5-C08D6FB8482B} = {CCAB1F41-EAB4-4564-B956-C32ED0B03EC2}
		{F3ADEF50-755E-4FCB-9746-C946CB0306B3} = {CCAB1F41-EAB4-4564-B956-C32ED0B03EC2}
		{9F013513-EC16-46DF-BDEF-C9B5F0DA6C12} = {0C432416-770F-4331-84E6-5835408A9BD8}
		{04E406C8-8E9E-47A9-B6EE-7FD32E342A8A} = {9F013513-EC16-46DF-BDEF-C9B5F0DA6C12}
		{61156C3E-96B0-4868-8280-480521326F81} = {9F013513-EC16-46DF-BDEF-C9B5F0DA6C12}
		{9678E9C6-BA54-4B11-866C-93324FA08B46} = {1F85F600-70F9-4286-B8BD-6A124D9DC43D}
		{00D9210E-D4E1-4FA6-BD7A-A2CA2D411440} = {0C432416-770F-4331-84E6-5835408A9BD8}
		{12D46970-6B72-46AF-BB18-177CDB9EC4B7} = {00D9210E-D4E1-4FA6-BD7A-A2CA2D411440}
		{89F0A76B-F6FB-443D-A169-CC07486E86AC} = {00D9210E-D4E1-4FA6-BD7A-A2CA2D411440}
		{B8AD9969-88C7-4D4B-9A3A-B2B7185CA31B} = {00D9210E-D4E1-4FA6-BD7A-A2CA2D411440}
	EndGlobalSection
	GlobalSection(ExtensibilityGlobals) = postSolution
		SolutionGuid = {5D287E0F-FEE7-4D1E-A5C0-2FEB78E717CB}
	EndGlobalSection
EndGlobal
